
Microsoft Visual Studio Solution File, Format Version 11.00
# Visual Studio 2010
# SharpDevelop 5.1
Project("{FAE04EC0-301F-11D3-BF4B-00C04F79EFBC}") = "Animals", "Animals.csproj", "{63F9CC30-7896-4DF6-808E-9C7F5D737B9C}"
EndProject
Global
	GlobalSection(SolutionConfigurationPlatforms) = preSolution
		Debug|Any CPU = Debug|Any CPU
		Release|Any CPU = Release|Any CPU
	EndGlobalSection
	GlobalSection(ProjectConfigurationPlatforms) = postSolution
		{63F9CC30-7896-4DF6-808E-9C7F5D737B9C}.Debug|Any CPU.ActiveCfg = Debug|Any CPU
		{63F9CC30-7896-4DF6-808E-9C7F5D737B9C}.Debug|Any CPU.Build.0 = Debug|Any CPU
		{63F9CC30-7896-4DF6-808E-9C7F5D737B9C}.Release|Any CPU.ActiveCfg = Release|Any CPU
		{63F9CC30-7896-4DF6-808E-9C7F5D737B9C}.Release|Any CPU.Build.0 = Release|Any CPU
	EndGlobalSection
EndGlobal
